lockfileVersion: "9.0"

settings:
    autoInstallPeers: true
    excludeLinksFromLockfile: false

importers:
    .:
        dependencies:
            "@discordjs/rest":
                specifier: ^2.6.1
                version: 2.6.1
            "@vladfrangu/async_event_emitter":
                specifier: ^2.4.7
                version: 2.4.7
            discord-api-types:
                specifier: ^0.38.42
                version: 0.38.42
        devDependencies:
            "@sapphire/ts-config":
                specifier: ^5.0.3
                version: 5.0.3
            "@types/node":
                specifier: ^20
                version: 20.19.33
            "@types/ws":
                specifier: ^8.18.1
                version: 8.18.1
            prettier:
                specifier: ^3.9.8
                version: 3.9.8
            rimraf:
                specifier: ^6.1.3
                version: 6.1.3
            typescript:
                specifier: ^6.0.2
                version: 6.0.2

packages:
    "@discordjs/collection@2.1.1":
        resolution:
            {
                integrity: sha512-LiSusze9Tc7qF03sLCujF5iZp7K+vRNEDBZ86FT9aQAv3vxMLihUvKvpsCWiQ2DJq1tVckopKm1rxomgNUc9hg==
            }
        engines: { node: ">=18" }

    "@discordjs/rest@2.6.1":
        resolution:
            {
                integrity: sha512-wwQdgjeaoYFiaG+atbqx6aJDpqW7JHAo0HrQkBTbYzM3/PJ3GweQIpgElNcGZ26DCUOXMyawYd0YF7vtr+fZXg==
            }
        engines: { node: ">=18" }

    "@discordjs/util@1.2.0":
        resolution:
            {
                integrity: sha512-3LKP7F2+atl9vJFhaBjn4nOaSWahZ/yWjOvA4e5pnXkt2qyXRCHLxoBQy81GFtLGCq7K9lPm9R517M1U+/90Qg==
            }
        engines: { node: ">=18" }

    "@sapphire/async-queue@1.5.5":
        resolution:
            {
                integrity: sha512-cvGzxbba6sav2zZkH8GPf2oGk9yYoD5qrNWdu9fRehifgnFZJMV+nuy2nON2roRO4yQQ+v7MK/Pktl/HgfsUXg==
            }
        engines: { node: ">=v14.0.0", npm: ">=7.0.0" }

    "@sapphire/snowflake@3.5.5":
        resolution:
            {
                integrity: sha512-xzvBr1Q1c4lCe7i6sRnrofxeO1QTP/LKQ6A6qy0iB4x5yfiSfARMEQEghojzTNALDTcv8En04qYNIco9/K9eZQ==
            }
        engines: { node: ">=v14.0.0", npm: ">=7.0.0" }

    "@sapphire/ts-config@5.0.3":
        resolution:
            {
                integrity: sha512-bFyGYHFT3TpOf5Sg2P+zY2ad0t5IA2epc5HtewlghhL7MYvbZvxtKsdaNaMwAdNObBx7hpiQm5OcOhyzEwQvbQ==
            }
        engines: { node: ">=v16.0.0", npm: ">=8.0.0" }

    "@types/node@20.19.33":
        resolution:
            {
                integrity: sha512-Rs1bVAIdBs5gbTIKza/tgpMuG1k3U/UMJLWecIMxNdJFDMzcM5LOiLVRYh3PilWEYDIeUDv7bpiHPLPsbydGcw==
            }

    "@types/ws@8.18.1":
        resolution:
            {
                integrity: sha512-ThVF6DCVhA8kUGy+aazFQ4kXQ7E1Ty7A3ypFOe0IcJV8O/M511G99AW24irKrW56Wt44yG9+ij8FaqoBGkuBXg==
            }

    "@vladfrangu/async_event_emitter@2.4.7":
        resolution:
            {
                integrity: sha512-Xfe6rpCTxSxfbswi/W/Pz7zp1WWSNn4A0eW4mLkQUewCrXXtMj31lCg+iQyTkh/CkusZSq9eDflu7tjEDXUY6g==
            }
        engines: { node: ">=v14.0.0", npm: ">=7.0.0" }

    balanced-match@4.0.4:
        resolution:
            {
                integrity: sha512-BLrgEcRTwX2o6gGxGOCNyMvGSp35YofuYzw9h1IMTRmKqttAZZVU67bdb9Pr2vUHA8+j3i2tJfjO6C6+4myGTA==
            }
        engines: { node: 18 || 20 || >=22 }

    brace-expansion@5.0.3:
        resolution:
            {
                integrity: sha512-fy6KJm2RawA5RcHkLa1z/ScpBeA762UF9KmZQxwIbDtRJrgLzM10depAiEQ+CXYcoiqW1/m96OAAoke2nE9EeA==
            }
        engines: { node: 18 || 20 || >=22 }

    discord-api-types@0.38.42:
        resolution:
            {
                integrity: sha512-qs1kya7S84r5RR8m9kgttywGrmmoHaRifU1askAoi+wkoSefLpZP6aGXusjNw5b0jD3zOg3LTwUa3Tf2iHIceQ==
            }

    glob@13.0.6:
        resolution:
            {
                integrity: sha512-Wjlyrolmm8uDpm/ogGyXZXb1Z+Ca2B8NbJwqBVg0axK9GbBeoS7yGV6vjXnYdGm6X53iehEuxxbyiKp8QmN4Vw==
            }
        engines: { node: 18 || 20 || >=22 }

    lru-cache@11.2.6:
        resolution:
            {
                integrity: sha512-ESL2CrkS/2wTPfuend7Zhkzo2u0daGJ/A2VucJOgQ/C48S/zB8MMeMHSGKYpXhIjbPxfuezITkaBH1wqv00DDQ==
            }
        engines: { node: 20 || >=22 }

    magic-bytes.js@1.13.0:
        resolution:
            {
                integrity: sha512-afO2mnxW7GDTXMm5/AoN1WuOcdoKhtgXjIvHmobqTD1grNplhGdv3PFOyjCVmrnOZBIT/gD/koDKpYG+0mvHcg==
            }

    minimatch@10.2.2:
        resolution:
            {
                integrity: sha512-+G4CpNBxa5MprY+04MbgOw1v7So6n5JY166pFi9KfYwT78fxScCeSNQSNzp6dpPSW2rONOps6Ocam1wFhCgoVw==
            }
        engines: { node: 18 || 20 || >=22 }

    minipass@7.1.3:
        resolution:
            {
                integrity: sha512-tEBHqDnIoM/1rXME1zgka9g6Q2lcoCkxHLuc7ODJ5BxbP5d4c2Z5cGgtXAku59200Cx7diuHTOYfSBD8n6mm8A==
            }
        engines: { node: ">=16 || 14 >=14.17" }

    package-json-from-dist@1.0.1:
        resolution:
            {
                integrity: sha512-UEZIS3/by4OC8vL3P2dTXRETpebLI2NiI5vIrjaD/5UtrkFX/tNbwjTSRAGC/+7CAo2pIcBaRgWmcBBHcsaCIw==
            }

    path-scurry@2.0.2:
        resolution:
            {
                integrity: sha512-3O/iVVsJAPsOnpwWIeD+d6z/7PmqApyQePUtCndjatj/9I5LylHvt5qluFaBT3I5h3r1ejfR056c+FCv+NnNXg==
            }
        engines: { node: 18 || 20 || >=22 }

    prettier@3.9.8:
        resolution:
            {
                integrity: sha512-WRFq3Wn3WId7LLROfMLdH7xaFr2jR62wU8nLO6rQUOLOxNZUviyJQs1M0iIhLexSFy+L+w0ch66wtoO2jRjG0A==
            }
        engines: { node: ">=14" }
        hasBin: true

    rimraf@6.1.3:
        resolution:
            {
                integrity: sha512-LKg+Cr2ZF61fkcaK1UdkH2yEBBKnYjTyWzTJT6KNPcSPaiT7HSdhtMXQuN5wkTX0Xu72KQ1l8S42rlmexS2hSA==
            }
        engines: { node: 20 || >=22 }
        hasBin: true

    tslib@2.8.1:
        resolution:
            {
                integrity: sha512-oJFu94HQb+KVduSUQL7wnpmqnfmLsOA/nAh6b6EH0wCEoK0/mPeXU6c3wKDV83MkOuHPRHtSXKKU99IBazS/2w==
            }

    typescript@5.4.5:
        resolution:
            {
                integrity: sha512-vcI4UpRgg81oIRUFwR0WSIHKt11nJ7SAVlYNIu+QpqeyXP+gpQJy/Z4+F0aGxSE4MqwjyXvW/TzgkLAx2AGHwQ==
            }
        engines: { node: ">=14.17" }
        hasBin: true

    typescript@6.0.2:
        resolution:
            {
                integrity: sha512-bGdAIrZ0wiGDo5l8c++HWtbaNCWTS4UTv7RaTH/ThVIgjkveJt83m74bBHMJkuCbslY8ixgLBVZJIOiQlQTjfQ==
            }
        engines: { node: ">=14.17" }
        hasBin: true

    undici-types@6.21.0:
        resolution:
            {
                integrity: sha512-iwDZqg0QAGrg9Rav5H4n0M64c3mkR59cJ6wQp+7C4nI0gsmExaedaYLNO44eT4AtBBwjbTiGPMlt2Md0T9H9JQ==
            }

    undici@6.24.1:
        resolution:
            {
                integrity: sha512-sC+b0tB1whOCzbtlx20fx3WgCXwkW627p4EA9uM+/tNNPkSS+eSEld6pAs9nDv7WbY1UUljBMYPtu9BCOrCWKA==
            }
        engines: { node: ">=18.17" }

snapshots:
    "@discordjs/collection@2.1.1": {}

    "@discordjs/rest@2.6.1":
        dependencies:
            "@discordjs/collection": 2.1.1
            "@discordjs/util": 1.2.0
            "@sapphire/async-queue": 1.5.5
            "@sapphire/snowflake": 3.5.5
            "@vladfrangu/async_event_emitter": 2.4.7
            discord-api-types: 0.38.42
            magic-bytes.js: 1.13.0
            tslib: 2.8.1
            undici: 6.24.1

    "@discordjs/util@1.2.0":
        dependencies:
            discord-api-types: 0.38.42

    "@sapphire/async-queue@1.5.5": {}

    "@sapphire/snowflake@3.5.5": {}

    "@sapphire/ts-config@5.0.3":
        dependencies:
            tslib: 2.8.1
            typescript: 5.4.5

    "@types/node@20.19.33":
        dependencies:
            undici-types: 6.21.0

    "@types/ws@8.18.1":
        dependencies:
            "@types/node": 20.19.33

    "@vladfrangu/async_event_emitter@2.4.7": {}

    balanced-match@4.0.4: {}

    brace-expansion@5.0.3:
        dependencies:
            balanced-match: 4.0.4

    discord-api-types@0.38.42: {}

    glob@13.0.6:
        dependencies:
            minimatch: 10.2.2
            minipass: 7.1.3
            path-scurry: 2.0.2

    lru-cache@11.2.6: {}

    magic-bytes.js@1.13.0: {}

    minimatch@10.2.2:
        dependencies:
            brace-expansion: 5.0.3

    minipass@7.1.3: {}

    package-json-from-dist@1.0.1: {}

    path-scurry@2.0.2:
        dependencies:
            lru-cache: 11.2.6
            minipass: 7.1.3

    prettier@3.9.8: {}

    rimraf@6.1.3:
        dependencies:
            glob: 13.0.6
            package-json-from-dist: 1.0.1

    tslib@2.8.1: {}

    typescript@5.4.5: {}

    typescript@6.0.2: {}

    undici-types@6.21.0: {}

    undici@6.24.1: {}
